<?xml version="1.0" encoding="utf-8"?>
<Project ToolsVersion="4.0" xmlns="http://schemas.microsoft.com/developer/msbuild/2003">
  <ItemGroup>
    <ClCompile Include="CW2CommandLine.cpp" />
    <ClCompile Include="ErrorInjector.cpp" />
    <ClCompile Include="Decoder.cpp" />
    <ClCompile Include="Viterbi.cpp" />
  </ItemGroup>
  <ItemGroup>
    <ClInclude Include="CW2CommandLine.h" />
    <ClInclude Include="ErrorInjector.h" />
    <ClInclude Include="Decoder.h" />
    <ClInclude Include="Viterbi.h" />
  </ItemGroup>
</Project>