
Microsoft Visual Studio Solution File, Format Version 12.00
# Visual Studio 14
VisualStudioVersion = 14.0.23107.0
MinimumVisualStudioVersion = 10.0.40219.1
Project("{2150E333-8FDC-42A3-9474-1A3956D46DE8}") = "Solution Items", "Solution Items", "{F84CE2E8-DFBB-4E13-9942-F226DF0F55CC}"
EndProject
Project("{8BC9CEB8-8B4A-11D0-8D11-00A0C91BC942}") = "Lesson10", "Lesson10\Lesson10.vcxproj", "{C89D6C28-27A7-45DC-B71F-90C6C4689706}"
EndProject
Project("{8BC9CEB8-8B4A-11D0-8D11-00A0C91BC942}") = "Lesson11", "Lesson11\Lesson11.vcxproj", "{6AB6AD0B-ED5E-4150-BBB4-5E3B8963F41D}"
EndProject
Project("{8BC9CEB8-8B4A-11D0-8D11-00A0C91BC942}") = "Lesson12", "Lesson12\Lesson12.vcxproj", "{A0AD6FE3-ED35-469A-B7BC-21F8B4B14533}"
EndProject
Project("{8BC9CEB8-8B4A-11D0-8D11-00A0C91BC942}") = "Lesson13", "Lesson13\Lesson13.vcxproj", "{FC922A70-76F1-4A39-8648-C40C984AC06C}"
EndProject
Project("{8BC9CEB8-8B4A-11D0-8D11-00A0C91BC942}") = "Lesson14", "Lesson14\Lesson14.vcxproj", "{E4F6258C-D8AB-4536-9050-A8275F91583C}"
EndProject
Project("{8BC9CEB8-8B4A-11D0-8D11-00A0C91BC942}") = "Lesson15", "Lesson15\Lesson15.vcxproj", "{B4C01FF0-4263-4CAA-A6FF-C1D124670891}"
EndProject
Project("{8BC9CEB8-8B4A-11D0-8D11-00A0C91BC942}") = "Lesson01", "Lesson01\Lesson01.vcxproj", "{54797D25-DCD2-44B9-8F7E-EAE75A5CF41C}"
EndProject
Project("{8BC9CEB8-8B4A-11D0-8D11-00A0C91BC942}") = "Lesson02", "Lesson02\Lesson02.vcxproj", "{5D3AEB49-677E-483E-B538-F641F17A1D76}"
EndProject
Project("{8BC9CEB8-8B4A-11D0-8D11-00A0C91BC942}") = "Lesson03", "Lesson03\Lesson03.vcxproj", "{A1CDADC1-2FF2-409F-87A8-BE770197EF3A}"
EndProject
Project("{8BC9CEB8-8B4A-11D0-8D11-00A0C91BC942}") = "Lesson04", "Lesson04\Lesson04.vcxproj", "{A601F7DD-E8F2-4392-8D2C-FD4BEABABDD0}"
EndProject
Project("{8BC9CEB8-8B4A-11D0-8D11-00A0C91BC942}") = "Lesson06", "Lesson06\Lesson06.vcxproj", "{C9000223-10C4-43F4-94F0-FCC91D0F2155}"
EndProject
Project("{8BC9CEB8-8B4A-11D0-8D11-00A0C91BC942}") = "Lesson05", "Lesson05\Lesson05.vcxproj", "{ED7C7B36-81E4-40C1-9276-63519BD1E27B}"
EndProject
Project("{8BC9CEB8-8B4A-11D0-8D11-00A0C91BC942}") = "Lesson09_BST", "Lesson09_BST\Lesson09_BST.vcxproj", "{4822F145-E040-48C1-8D6A-A5057C59549F}"
EndProject
Project("{8BC9CEB8-8B4A-11D0-8D11-00A0C91BC942}") = "Lesson09_Battleships", "Lesson09_Battleships\Lesson09_Battleships.vcxproj", "{9ADF4908-433D-4A04-9E9E-266E4BCFC4C4}"
EndProject
Project("{8BC9CEB8-8B4A-11D0-8D11-00A0C91BC942}") = "Lesson09", "Lesson09\Lesson09.vcxproj", "{0135D689-45DB-4596-82CE-6F75D7661261}"
EndProject
Project("{8BC9CEB8-8B4A-11D0-8D11-00A0C91BC942}") = "Lesson08", "Lesson08\Lesson08.vcxproj", "{CAE70E11-7A2D-4EE3-8BF0-0EC095643972}"
EndProject
Project("{8BC9CEB8-8B4A-11D0-8D11-00A0C91BC942}") = "Lesson07", "Lesson07\Lesson07.vcxproj", "{8828EE87-F404-48B9-AF83-C45B801AAFD3}"
EndProject
Global
	GlobalSection(SolutionConfigurationPlatforms) = preSolution
		Debug|x64 = Debug|x64
		Debug|x86 = Debug|x86
		Release|x64 = Release|x64
		Release|x86 = Release|x86
	EndGlobalSection
	GlobalSection(ProjectConfigurationPlatforms) = postSolution
		{C89D6C28-27A7-45DC-B71F-90C6C4689706}.Debug|x64.ActiveCfg = Debug|x64
		{C89D6C28-27A7-45DC-B71F-90C6C4689706}.Debug|x64.Build.0 = Debug|x64
		{C89D6C28-27A7-45DC-B71F-90C6C4689706}.Debug|x86.ActiveCfg = Debug|Win32
		{C89D6C28-27A7-45DC-B71F-90C6C4689706}.Debug|x86.Build.0 = Debug|Win32
		{C89D6C28-27A7-45DC-B71F-90C6C4689706}.Release|x64.ActiveCfg = Release|x64
		{C89D6C28-27A7-45DC-B71F-90C6C4689706}.Release|x64.Build.0 = Release|x64
		{C89D6C28-27A7-45DC-B71F-90C6C4689706}.Release|x86.ActiveCfg = Release|Win32
		{C89D6C28-27A7-45DC-B71F-90C6C4689706}.Release|x86.Build.0 = Release|Win32
		{6AB6AD0B-ED5E-4150-BBB4-5E3B8963F41D}.Debug|x64.ActiveCfg = Debug|x64
		{6AB6AD0B-ED5E-4150-BBB4-5E3B8963F41D}.Debug|x64.Build.0 = Debug|x64
		{6AB6AD0B-ED5E-4150-BBB4-5E3B8963F41D}.Debug|x86.ActiveCfg = Debug|Win32
		{6AB6AD0B-ED5E-4150-BBB4-5E3B8963F41D}.Debug|x86.Build.0 = Debug|Win32
		{6AB6AD0B-ED5E-4150-BBB4-5E3B8963F41D}.Release|x64.ActiveCfg = Release|x64
		{6AB6AD0B-ED5E-4150-BBB4-5E3B8963F41D}.Release|x64.Build.0 = Release|x64
		{6AB6AD0B-ED5E-4150-BBB4-5E3B8963F41D}.Release|x86.ActiveCfg = Release|Win32
		{6AB6AD0B-ED5E-4150-BBB4-5E3B8963F41D}.Release|x86.Build.0 = Release|Win32
		{A0AD6FE3-ED35-469A-B7BC-21F8B4B14533}.Debug|x64.ActiveCfg = Debug|x64
		{A0AD6FE3-ED35-469A-B7BC-21F8B4B14533}.Debug|x64.Build.0 = Debug|x64
		{A0AD6FE3-ED35-469A-B7BC-21F8B4B14533}.Debug|x86.ActiveCfg = Debug|Win32
		{A0AD6FE3-ED35-469A-B7BC-21F8B4B14533}.Debug|x86.Build.0 = Debug|Win32
		{A0AD6FE3-ED35-469A-B7BC-21F8B4B14533}.Release|x64.ActiveCfg = Release|x64
		{A0AD6FE3-ED35-469A-B7BC-21F8B4B14533}.Release|x64.Build.0 = Release|x64
		{A0AD6FE3-ED35-469A-B7BC-21F8B4B14533}.Release|x86.ActiveCfg = Release|Win32
		{A0AD6FE3-ED35-469A-B7BC-21F8B4B14533}.Release|x86.Build.0 = Release|Win32
		{FC922A70-76F1-4A39-8648-C40C984AC06C}.Debug|x64.ActiveCfg = Debug|x64
		{FC922A70-76F1-4A39-8648-C40C984AC06C}.Debug|x64.Build.0 = Debug|x64
		{FC922A70-76F1-4A39-8648-C40C984AC06C}.Debug|x86.ActiveCfg = Debug|Win32
		{FC922A70-76F1-4A39-8648-C40C984AC06C}.Debug|x86.Build.0 = Debug|Win32
		{FC922A70-76F1-4A39-8648-C40C984AC06C}.Release|x64.ActiveCfg = Release|x64
		{FC922A70-76F1-4A39-8648-C40C984AC06C}.Release|x64.Build.0 = Release|x64
		{FC922A70-76F1-4A39-8648-C40C984AC06C}.Release|x86.ActiveCfg = Release|Win32
		{FC922A70-76F1-4A39-8648-C40C984AC06C}.Release|x86.Build.0 = Release|Win32
		{E4F6258C-D8AB-4536-9050-A8275F91583C}.Debug|x64.ActiveCfg = Debug|x64
		{E4F6258C-D8AB-4536-9050-A8275F91583C}.Debug|x64.Build.0 = Debug|x64
		{E4F6258C-D8AB-4536-9050-A8275F91583C}.Debug|x86.ActiveCfg = Debug|Win32
		{E4F6258C-D8AB-4536-9050-A8275F91583C}.Debug|x86.Build.0 = Debug|Win32
		{E4F6258C-D8AB-4536-9050-A8275F91583C}.Release|x64.ActiveCfg = Release|x64
		{E4F6258C-D8AB-4536-9050-A8275F91583C}.Release|x64.Build.0 = Release|x64
		{E4F6258C-D8AB-4536-9050-A8275F91583C}.Release|x86.ActiveCfg = Release|Win32
		{E4F6258C-D8AB-4536-9050-A8275F91583C}.Release|x86.Build.0 = Release|Win32
		{B4C01FF0-4263-4CAA-A6FF-C1D124670891}.Debug|x64.ActiveCfg = Debug|x64
		{B4C01FF0-4263-4CAA-A6FF-C1D124670891}.Debug|x64.Build.0 = Debug|x64
		{B4C01FF0-4263-4CAA-A6FF-C1D124670891}.Debug|x86.ActiveCfg = Debug|Win32
		{B4C01FF0-4263-4CAA-A6FF-C1D124670891}.Debug|x86.Build.0 = Debug|Win32
		{B4C01FF0-4263-4CAA-A6FF-C1D124670891}.Release|x64.ActiveCfg = Release|x64
		{B4C01FF0-4263-4CAA-A6FF-C1D124670891}.Release|x64.Build.0 = Release|x64
		{B4C01FF0-4263-4CAA-A6FF-C1D124670891}.Release|x86.ActiveCfg = Release|Win32
		{B4C01FF0-4263-4CAA-A6FF-C1D124670891}.Release|x86.Build.0 = Release|Win32
		{54797D25-DCD2-44B9-8F7E-EAE75A5CF41C}.Debug|x64.ActiveCfg = Debug|x64
		{54797D25-DCD2-44B9-8F7E-EAE75A5CF41C}.Debug|x64.Build.0 = Debug|x64
		{54797D25-DCD2-44B9-8F7E-EAE75A5CF41C}.Debug|x86.ActiveCfg = Debug|Win32
		{54797D25-DCD2-44B9-8F7E-EAE75A5CF41C}.Debug|x86.Build.0 = Debug|Win32
		{54797D25-DCD2-44B9-8F7E-EAE75A5CF41C}.Release|x64.ActiveCfg = Release|x64
		{54797D25-DCD2-44B9-8F7E-EAE75A5CF41C}.Release|x64.Build.0 = Release|x64
		{54797D25-DCD2-44B9-8F7E-EAE75A5CF41C}.Release|x86.ActiveCfg = Release|Win32
		{54797D25-DCD2-44B9-8F7E-EAE75A5CF41C}.Release|x86.Build.0 = Release|Win32
		{5D3AEB49-677E-483E-B538-F641F17A1D76}.Debug|x64.ActiveCfg = Debug|x64
		{5D3AEB49-677E-483E-B538-F641F17A1D76}.Debug|x64.Build.0 = Debug|x64
		{5D3AEB49-677E-483E-B538-F641F17A1D76}.Debug|x86.ActiveCfg = Debug|Win32
		{5D3AEB49-677E-483E-B538-F641F17A1D76}.Debug|x86.Build.0 = Debug|Win32
		{5D3AEB49-677E-483E-B538-F641F17A1D76}.Release|x64.ActiveCfg = Release|x64
		{5D3AEB49-677E-483E-B538-F641F17A1D76}.Release|x64.Build.0 = Release|x64
		{5D3AEB49-677E-483E-B538-F641F17A1D76}.Release|x86.ActiveCfg = Release|Win32
		{5D3AEB49-677E-483E-B538-F641F17A1D76}.Release|x86.Build.0 = Release|Win32
		{A1CDADC1-2FF2-409F-87A8-BE770197EF3A}.Debug|x64.ActiveCfg = Debug|x64
		{A1CDADC1-2FF2-409F-87A8-BE770197EF3A}.Debug|x64.Build.0 = Debug|x64
		{A1CDADC1-2FF2-409F-87A8-BE770197EF3A}.Debug|x86.ActiveCfg = Debug|Win32
		{A1CDADC1-2FF2-409F-87A8-BE770197EF3A}.Debug|x86.Build.0 = Debug|Win32
		{A1CDADC1-2FF2-409F-87A8-BE770197EF3A}.Release|x64.ActiveCfg = Release|x64
		{A1CDADC1-2FF2-409F-87A8-BE770197EF3A}.Release|x64.Build.0 = Release|x64
		{A1CDADC1-2FF2-409F-87A8-BE770197EF3A}.Release|x86.ActiveCfg = Release|Win32
		{A1CDADC1-2FF2-409F-87A8-BE770197EF3A}.Release|x86.Build.0 = Release|Win32
		{A601F7DD-E8F2-4392-8D2C-FD4BEABABDD0}.Debug|x64.ActiveCfg = Debug|x64
		{A601F7DD-E8F2-4392-8D2C-FD4BEABABDD0}.Debug|x64.Build.0 = Debug|x64
		{A601F7DD-E8F2-4392-8D2C-FD4BEABABDD0}.Debug|x86.ActiveCfg = Debug|Win32
		{A601F7DD-E8F2-4392-8D2C-FD4BEABABDD0}.Debug|x86.Build.0 = Debug|Win32
		{A601F7DD-E8F2-4392-8D2C-FD4BEABABDD0}.Release|x64.ActiveCfg = Release|x64
		{A601F7DD-E8F2-4392-8D2C-FD4BEABABDD0}.Release|x64.Build.0 = Release|x64
		{A601F7DD-E8F2-4392-8D2C-FD4BEABABDD0}.Release|x86.ActiveCfg = Release|Win32
		{A601F7DD-E8F2-4392-8D2C-FD4BEABABDD0}.Release|x86.Build.0 = Release|Win32
		{C9000223-10C4-43F4-94F0-FCC91D0F2155}.Debug|x64.ActiveCfg = Debug|x64
		{C9000223-10C4-43F4-94F0-FCC91D0F2155}.Debug|x64.Build.0 = Debug|x64
		{C9000223-10C4-43F4-94F0-FCC91D0F2155}.Debug|x86.ActiveCfg = Debug|Win32
		{C9000223-10C4-43F4-94F0-FCC91D0F2155}.Debug|x86.Build.0 = Debug|Win32
		{C9000223-10C4-43F4-94F0-FCC91D0F2155}.Release|x64.ActiveCfg = Release|x64
		{C9000223-10C4-43F4-94F0-FCC91D0F2155}.Release|x64.Build.0 = Release|x64
		{C9000223-10C4-43F4-94F0-FCC91D0F2155}.Release|x86.ActiveCfg = Release|Win32
		{C9000223-10C4-43F4-94F0-FCC91D0F2155}.Release|x86.Build.0 = Release|Win32
		{ED7C7B36-81E4-40C1-9276-63519BD1E27B}.Debug|x64.ActiveCfg = Debug|x64
		{ED7C7B36-81E4-40C1-9276-63519BD1E27B}.Debug|x64.Build.0 = Debug|x64
		{ED7C7B36-81E4-40C1-9276-63519BD1E27B}.Debug|x86.ActiveCfg = Debug|Win32
		{ED7C7B36-81E4-40C1-9276-63519BD1E27B}.Debug|x86.Build.0 = Debug|Win32
		{ED7C7B36-81E4-40C1-9276-63519BD1E27B}.Release|x64.ActiveCfg = Release|x64
		{ED7C7B36-81E4-40C1-9276-63519BD1E27B}.Release|x64.Build.0 = Release|x64
		{ED7C7B36-81E4-40C1-9276-63519BD1E27B}.Release|x86.ActiveCfg = Release|Win32
		{ED7C7B36-81E4-40C1-9276-63519BD1E27B}.Release|x86.Build.0 = Release|Win32
		{4822F145-E040-48C1-8D6A-A5057C59549F}.Debug|x64.ActiveCfg = Debug|x64
		{4822F145-E040-48C1-8D6A-A5057C59549F}.Debug|x64.Build.0 = Debug|x64
		{4822F145-E040-48C1-8D6A-A5057C59549F}.Debug|x86.ActiveCfg = Debug|Win32
		{4822F145-E040-48C1-8D6A-A5057C59549F}.Debug|x86.Build.0 = Debug|Win32
		{4822F145-E040-48C1-8D6A-A5057C59549F}.Release|x64.ActiveCfg = Release|x64
		{4822F145-E040-48C1-8D6A-A5057C59549F}.Release|x64.Build.0 = Release|x64
		{4822F145-E040-48C1-8D6A-A5057C59549F}.Release|x86.ActiveCfg = Release|Win32
		{4822F145-E040-48C1-8D6A-A5057C59549F}.Release|x86.Build.0 = Release|Win32
		{9ADF4908-433D-4A04-9E9E-266E4BCFC4C4}.Debug|x64.ActiveCfg = Debug|x64
		{9ADF4908-433D-4A04-9E9E-266E4BCFC4C4}.Debug|x64.Build.0 = Debug|x64
		{9ADF4908-433D-4A04-9E9E-266E4BCFC4C4}.Debug|x86.ActiveCfg = Debug|Win32
		{9ADF4908-433D-4A04-9E9E-266E4BCFC4C4}.Debug|x86.Build.0 = Debug|Win32
		{9ADF4908-433D-4A04-9E9E-266E4BCFC4C4}.Release|x64.ActiveCfg = Release|x64
		{9ADF4908-433D-4A04-9E9E-266E4BCFC4C4}.Release|x64.Build.0 = Release|x64
		{9ADF4908-433D-4A04-9E9E-266E4BCFC4C4}.Release|x86.ActiveCfg = Release|Win32
		{9ADF4908-433D-4A04-9E9E-266E4BCFC4C4}.Release|x86.Build.0 = Release|Win32
		{0135D689-45DB-4596-82CE-6F75D7661261}.Debug|x64.ActiveCfg = Debug|x64
		{0135D689-45DB-4596-82CE-6F75D7661261}.Debug|x64.Build.0 = Debug|x64
		{0135D689-45DB-4596-82CE-6F75D7661261}.Debug|x86.ActiveCfg = Debug|Win32
		{0135D689-45DB-4596-82CE-6F75D7661261}.Debug|x86.Build.0 = Debug|Win32
		{0135D689-45DB-4596-82CE-6F75D7661261}.Release|x64.ActiveCfg = Release|x64
		{0135D689-45DB-4596-82CE-6F75D7661261}.Release|x64.Build.0 = Release|x64
		{0135D689-45DB-4596-82CE-6F75D7661261}.Release|x86.ActiveCfg = Release|Win32
		{0135D689-45DB-4596-82CE-6F75D7661261}.Release|x86.Build.0 = Release|Win32
		{CAE70E11-7A2D-4EE3-8BF0-0EC095643972}.Debug|x64.ActiveCfg = Debug|x64
		{CAE70E11-7A2D-4EE3-8BF0-0EC095643972}.Debug|x64.Build.0 = Debug|x64
		{CAE70E11-7A2D-4EE3-8BF0-0EC095643972}.Debug|x86.ActiveCfg = Debug|Win32
		{CAE70E11-7A2D-4EE3-8BF0-0EC095643972}.Debug|x86.Build.0 = Debug|Win32
		{CAE70E11-7A2D-4EE3-8BF0-0EC095643972}.Release|x64.ActiveCfg = Release|x64
		{CAE70E11-7A2D-4EE3-8BF0-0EC095643972}.Release|x64.Build.0 = Release|x64
		{CAE70E11-7A2D-4EE3-8BF0-0EC095643972}.Release|x86.ActiveCfg = Release|Win32
		{CAE70E11-7A2D-4EE3-8BF0-0EC095643972}.Release|x86.Build.0 = Release|Win32
		{8828EE87-F404-48B9-AF83-C45B801AAFD3}.Debug|x64.ActiveCfg = Debug|x64
		{8828EE87-F404-48B9-AF83-C45B801AAFD3}.Debug|x64.Build.0 = Debug|x64
		{8828EE87-F404-48B9-AF83-C45B801AAFD3}.Debug|x86.ActiveCfg = Debug|Win32
		{8828EE87-F404-48B9-AF83-C45B801AAFD3}.Debug|x86.Build.0 = Debug|Win32
		{8828EE87-F404-48B9-AF83-C45B801AAFD3}.Release|x64.ActiveCfg = Release|x64
		{8828EE87-F404-48B9-AF83-C45B801AAFD3}.Release|x64.Build.0 = Release|x64
		{8828EE87-F404-48B9-AF83-C45B801AAFD3}.Release|x86.ActiveCfg = Release|Win32
		{8828EE87-F404-48B9-AF83-C45B801AAFD3}.Release|x86.Build.0 = Release|Win32
	EndGlobalSection
	GlobalSection(SolutionProperties) = preSolution
		HideSolutionNode = FALSE
	EndGlobalSection
EndGlobal
