
Microsoft Visual Studio Solution File, Format Version 12.00
# Visual Studio 14
VisualStudioVersion = 14.0.23107.0
MinimumVisualStudioVersion = 10.0.40219.1
Project("{8BC9CEB8-8B4A-11D0-8D11-00A0C91BC942}") = "Lesson1", "Lesson1\Lesson1.vcxproj", "{54797D25-DCD2-44B9-8F7E-EAE75A5CF41C}"
EndProject
Project("{8BC9CEB8-8B4A-11D0-8D11-00A0C91BC942}") = "Lesson2", "Lesson2\Lesson2.vcxproj", "{5D3AEB49-677E-483E-B538-F641F17A1D76}"
EndProject
Project("{8BC9CEB8-8B4A-11D0-8D11-00A0C91BC942}") = "Lesson3", "Lesson3\Lesson3.vcxproj", "{A1CDADC1-2FF2-409F-87A8-BE770197EF3A}"
EndProject
Project("{8BC9CEB8-8B4A-11D0-8D11-00A0C91BC942}") = "Lesson4", "Lesson4\Lesson4.vcxproj", "{A601F7DD-E8F2-4392-8D2C-FD4BEABABDD0}"
EndProject
Project("{8BC9CEB8-8B4A-11D0-8D11-00A0C91BC942}") = "Lesson5", "Lesson5\Lesson5.vcxproj", "{ED7C7B36-81E4-40C1-9276-63519BD1E27B}"
EndProject
Project("{8BC9CEB8-8B4A-11D0-8D11-00A0C91BC942}") = "Lesson6", "Lesson6\Lesson6.vcxproj", "{C9000223-10C4-43F4-94F0-FCC91D0F2155}"
EndProject
Project("{8BC9CEB8-8B4A-11D0-8D11-00A0C91BC942}") = "Lesson7", "Lesson7\Lesson7.vcxproj", "{8828EE87-F404-48B9-AF83-C45B801AAFD3}"
EndProject
Global
	GlobalSection(SolutionConfigurationPlatforms) = preSolution
		Debug|x64 = Debug|x64
		Debug|x86 = Debug|x86
		Release|x64 = Release|x64
		Release|x86 = Release|x86
	EndGlobalSection
	GlobalSection(ProjectConfigurationPlatforms) = postSolution
		{54797D25-DCD2-44B9-8F7E-EAE75A5CF41C}.Debug|x64.ActiveCfg = Debug|x64
		{54797D25-DCD2-44B9-8F7E-EAE75A5CF41C}.Debug|x64.Build.0 = Debug|x64
		{54797D25-DCD2-44B9-8F7E-EAE75A5CF41C}.Debug|x86.ActiveCfg = Debug|Win32
		{54797D25-DCD2-44B9-8F7E-EAE75A5CF41C}.Debug|x86.Build.0 = Debug|Win32
		{54797D25-DCD2-44B9-8F7E-EAE75A5CF41C}.Release|x64.ActiveCfg = Release|x64
		{54797D25-DCD2-44B9-8F7E-EAE75A5CF41C}.Release|x64.Build.0 = Release|x64
		{54797D25-DCD2-44B9-8F7E-EAE75A5CF41C}.Release|x86.ActiveCfg = Release|Win32
		{54797D25-DCD2-44B9-8F7E-EAE75A5CF41C}.Release|x86.Build.0 = Release|Win32
		{5D3AEB49-677E-483E-B538-F641F17A1D76}.Debug|x64.ActiveCfg = Debug|x64
		{5D3AEB49-677E-483E-B538-F641F17A1D76}.Debug|x64.Build.0 = Debug|x64
		{5D3AEB49-677E-483E-B538-F641F17A1D76}.Debug|x86.ActiveCfg = Debug|Win32
		{5D3AEB49-677E-483E-B538-F641F17A1D76}.Debug|x86.Build.0 = Debug|Win32
		{5D3AEB49-677E-483E-B538-F641F17A1D76}.Release|x64.ActiveCfg = Release|x64
		{5D3AEB49-677E-483E-B538-F641F17A1D76}.Release|x64.Build.0 = Release|x64
		{5D3AEB49-677E-483E-B538-F641F17A1D76}.Release|x86.ActiveCfg = Release|Win32
		{5D3AEB49-677E-483E-B538-F641F17A1D76}.Release|x86.Build.0 = Release|Win32
		{A1CDADC1-2FF2-409F-87A8-BE770197EF3A}.Debug|x64.ActiveCfg = Debug|x64
		{A1CDADC1-2FF2-409F-87A8-BE770197EF3A}.Debug|x64.Build.0 = Debug|x64
		{A1CDADC1-2FF2-409F-87A8-BE770197EF3A}.Debug|x86.ActiveCfg = Debug|Win32
		{A1CDADC1-2FF2-409F-87A8-BE770197EF3A}.Debug|x86.Build.0 = Debug|Win32
		{A1CDADC1-2FF2-409F-87A8-BE770197EF3A}.Release|x64.ActiveCfg = Release|x64
		{A1CDADC1-2FF2-409F-87A8-BE770197EF3A}.Release|x64.Build.0 = Release|x64
		{A1CDADC1-2FF2-409F-87A8-BE770197EF3A}.Release|x86.ActiveCfg = Release|Win32
		{A1CDADC1-2FF2-409F-87A8-BE770197EF3A}.Release|x86.Build.0 = Release|Win32
		{A601F7DD-E8F2-4392-8D2C-FD4BEABABDD0}.Debug|x64.ActiveCfg = Debug|x64
		{A601F7DD-E8F2-4392-8D2C-FD4BEABABDD0}.Debug|x64.Build.0 = Debug|x64
		{A601F7DD-E8F2-4392-8D2C-FD4BEABABDD0}.Debug|x86.ActiveCfg = Debug|Win32
		{A601F7DD-E8F2-4392-8D2C-FD4BEABABDD0}.Debug|x86.Build.0 = Debug|Win32
		{A601F7DD-E8F2-4392-8D2C-FD4BEABABDD0}.Release|x64.ActiveCfg = Release|x64
		{A601F7DD-E8F2-4392-8D2C-FD4BEABABDD0}.Release|x64.Build.0 = Release|x64
		{A601F7DD-E8F2-4392-8D2C-FD4BEABABDD0}.Release|x86.ActiveCfg = Release|Win32
		{A601F7DD-E8F2-4392-8D2C-FD4BEABABDD0}.Release|x86.Build.0 = Release|Win32
		{ED7C7B36-81E4-40C1-9276-63519BD1E27B}.Debug|x64.ActiveCfg = Debug|x64
		{ED7C7B36-81E4-40C1-9276-63519BD1E27B}.Debug|x64.Build.0 = Debug|x64
		{ED7C7B36-81E4-40C1-9276-63519BD1E27B}.Debug|x86.ActiveCfg = Debug|Win32
		{ED7C7B36-81E4-40C1-9276-63519BD1E27B}.Debug|x86.Build.0 = Debug|Win32
		{ED7C7B36-81E4-40C1-9276-63519BD1E27B}.Release|x64.ActiveCfg = Release|x64
		{ED7C7B36-81E4-40C1-9276-63519BD1E27B}.Release|x64.Build.0 = Release|x64
		{ED7C7B36-81E4-40C1-9276-63519BD1E27B}.Release|x86.ActiveCfg = Release|Win32
		{ED7C7B36-81E4-40C1-9276-63519BD1E27B}.Release|x86.Build.0 = Release|Win32
		{C9000223-10C4-43F4-94F0-FCC91D0F2155}.Debug|x64.ActiveCfg = Debug|x64
		{C9000223-10C4-43F4-94F0-FCC91D0F2155}.Debug|x64.Build.0 = Debug|x64
		{C9000223-10C4-43F4-94F0-FCC91D0F2155}.Debug|x86.ActiveCfg = Debug|Win32
		{C9000223-10C4-43F4-94F0-FCC91D0F2155}.Debug|x86.Build.0 = Debug|Win32
		{C9000223-10C4-43F4-94F0-FCC91D0F2155}.Release|x64.ActiveCfg = Release|x64
		{C9000223-10C4-43F4-94F0-FCC91D0F2155}.Release|x64.Build.0 = Release|x64
		{C9000223-10C4-43F4-94F0-FCC91D0F2155}.Release|x86.ActiveCfg = Release|Win32
		{C9000223-10C4-43F4-94F0-FCC91D0F2155}.Release|x86.Build.0 = Release|Win32
		{8828EE87-F404-48B9-AF83-C45B801AAFD3}.Debug|x64.ActiveCfg = Debug|x64
		{8828EE87-F404-48B9-AF83-C45B801AAFD3}.Debug|x64.Build.0 = Debug|x64
		{8828EE87-F404-48B9-AF83-C45B801AAFD3}.Debug|x86.ActiveCfg = Debug|Win32
		{8828EE87-F404-48B9-AF83-C45B801AAFD3}.Debug|x86.Build.0 = Debug|Win32
		{8828EE87-F404-48B9-AF83-C45B801AAFD3}.Release|x64.ActiveCfg = Release|x64
		{8828EE87-F404-48B9-AF83-C45B801AAFD3}.Release|x64.Build.0 = Release|x64
		{8828EE87-F404-48B9-AF83-C45B801AAFD3}.Release|x86.ActiveCfg = Release|Win32
		{8828EE87-F404-48B9-AF83-C45B801AAFD3}.Release|x86.Build.0 = Release|Win32
	EndGlobalSection
	GlobalSection(SolutionProperties) = preSolution
		HideSolutionNode = FALSE
	EndGlobalSection
EndGlobal
