<?xml version="1.0" encoding="utf-8"?>
<Project ToolsVersion="4.0" xmlns="http://schemas.microsoft.com/developer/msbuild/2003">
  <ItemGroup>
    <ClCompile Include="main.cpp" />
    <ClCompile Include="XORGate.cpp" />
    <ClCompile Include="Component.cpp" />
    <ClCompile Include="Pin.cpp" />
    <ClCompile Include="Circuit.cpp" />
    <ClCompile Include="CLI.cpp" />
    <ClCompile Include="StringUtils.cpp" />
    <ClCompile Include="CommandContainer.cpp" />
  </ItemGroup>
  <ItemGroup>
    <ClInclude Include="SerialRegisterArray.h" />
    <ClInclude Include="XORGate.h" />
    <ClInclude Include="Circuit.h" />
    <ClInclude Include="Encoder.h" />
    <ClInclude Include="Bus.h" />
    <ClInclude Include="Component.h" />
    <ClInclude Include="Pin.h" />
    <ClInclude Include="CLI.h" />
    <ClInclude Include="CLICommand.h" />
    <ClInclude Include="StringUtils.h" />
    <ClInclude Include="CommandContainer.h" />
    <ClInclude Include="CLISubCommand.h" />
  </ItemGroup>
</Project>