
Microsoft Visual Studio Solution File, Format Version 12.00
# Visual Studio 14
VisualStudioVersion = 14.0.23107.0
MinimumVisualStudioVersion = 10.0.40219.1
Project("{8BC9CEB8-8B4A-11D0-8D11-00A0C91BC942}") = "Coursework1", "Coursework1\Coursework1.vcxproj", "{48600FAC-8930-437C-8DCC-EA360CCA533F}"
EndProject
Project("{8BC9CEB8-8B4A-11D0-8D11-00A0C91BC942}") = "Coursework2", "Coursework2\Coursework2.vcxproj", "{FCD7915C-AD81-43CD-B7AB-57DCC4EF8EA7}"
EndProject
Global
	GlobalSection(SolutionConfigurationPlatforms) = preSolution
		Debug|x64 = Debug|x64
		Debug|x86 = Debug|x86
		Release|x64 = Release|x64
		Release|x86 = Release|x86
	EndGlobalSection
	GlobalSection(ProjectConfigurationPlatforms) = postSolution
		{48600FAC-8930-437C-8DCC-EA360CCA533F}.Debug|x64.ActiveCfg = Debug|x64
		{48600FAC-8930-437C-8DCC-EA360CCA533F}.Debug|x64.Build.0 = Debug|x64
		{48600FAC-8930-437C-8DCC-EA360CCA533F}.Debug|x86.ActiveCfg = Debug|Win32
		{48600FAC-8930-437C-8DCC-EA360CCA533F}.Debug|x86.Build.0 = Debug|Win32
		{48600FAC-8930-437C-8DCC-EA360CCA533F}.Release|x64.ActiveCfg = Release|x64
		{48600FAC-8930-437C-8DCC-EA360CCA533F}.Release|x64.Build.0 = Release|x64
		{48600FAC-8930-437C-8DCC-EA360CCA533F}.Release|x86.ActiveCfg = Release|Win32
		{48600FAC-8930-437C-8DCC-EA360CCA533F}.Release|x86.Build.0 = Release|Win32
		{FCD7915C-AD81-43CD-B7AB-57DCC4EF8EA7}.Debug|x64.ActiveCfg = Debug|x64
		{FCD7915C-AD81-43CD-B7AB-57DCC4EF8EA7}.Debug|x64.Build.0 = Debug|x64
		{FCD7915C-AD81-43CD-B7AB-57DCC4EF8EA7}.Debug|x86.ActiveCfg = Debug|Win32
		{FCD7915C-AD81-43CD-B7AB-57DCC4EF8EA7}.Debug|x86.Build.0 = Debug|Win32
		{FCD7915C-AD81-43CD-B7AB-57DCC4EF8EA7}.Release|x64.ActiveCfg = Release|x64
		{FCD7915C-AD81-43CD-B7AB-57DCC4EF8EA7}.Release|x64.Build.0 = Release|x64
		{FCD7915C-AD81-43CD-B7AB-57DCC4EF8EA7}.Release|x86.ActiveCfg = Release|Win32
		{FCD7915C-AD81-43CD-B7AB-57DCC4EF8EA7}.Release|x86.Build.0 = Release|Win32
	EndGlobalSection
	GlobalSection(SolutionProperties) = preSolution
		HideSolutionNode = FALSE
	EndGlobalSection
EndGlobal
