
Microsoft Visual Studio Solution File, Format Version 12.00
# Visual Studio 14
VisualStudioVersion = 14.0.25420.1
MinimumVisualStudioVersion = 10.0.40219.1
Project("{8BC9CEB8-8B4A-11D0-8D11-00A0C91BC942}") = "Coursework1", "Coursework1\Coursework1.vcxproj", "{48600FAC-8930-437C-8DCC-EA360CCA533F}"
	ProjectSection(ProjectDependencies) = postProject
		{67C67E1B-66DE-49CF-99D4-A72F688BA43E} = {67C67E1B-66DE-49CF-99D4-A72F688BA43E}
		{8CDF6858-E094-438D-B3AB-809FBBDEE93C} = {8CDF6858-E094-438D-B3AB-809FBBDEE93C}
		{6E201AB4-B579-4871-BD6F-6D501F5D15EE} = {6E201AB4-B579-4871-BD6F-6D501F5D15EE}
	EndProjectSection
EndProject
Project("{8BC9CEB8-8B4A-11D0-8D11-00A0C91BC942}") = "Coursework2", "Coursework2\Coursework2.vcxproj", "{FCD7915C-AD81-43CD-B7AB-57DCC4EF8EA7}"
	ProjectSection(ProjectDependencies) = postProject
		{990C8209-DCB4-4849-A610-4D9EBE07C64A} = {990C8209-DCB4-4849-A610-4D9EBE07C64A}
	EndProjectSection
EndProject
Project("{8BC9CEB8-8B4A-11D0-8D11-00A0C91BC942}") = "CircuitSimulatorLib", "CircuitSimulatorLib\CircuitSimulatorLib.vcxproj", "{6E201AB4-B579-4871-BD6F-6D501F5D15EE}"
	ProjectSection(ProjectDependencies) = postProject
		{D116EDDF-8C15-4354-962B-0DA55E06A0AA} = {D116EDDF-8C15-4354-962B-0DA55E06A0AA}
	EndProjectSection
EndProject
Project("{8BC9CEB8-8B4A-11D0-8D11-00A0C91BC942}") = "UtilityLib", "UtilityLib\UtilityLib.vcxproj", "{D116EDDF-8C15-4354-962B-0DA55E06A0AA}"
EndProject
Project("{8BC9CEB8-8B4A-11D0-8D11-00A0C91BC942}") = "CommandLineInterfaceLib", "CommandLineInterfaceLib\CommandLineInterfaceLib.vcxproj", "{67C67E1B-66DE-49CF-99D4-A72F688BA43E}"
	ProjectSection(ProjectDependencies) = postProject
		{D116EDDF-8C15-4354-962B-0DA55E06A0AA} = {D116EDDF-8C15-4354-962B-0DA55E06A0AA}
	EndProjectSection
EndProject
Project("{8BC9CEB8-8B4A-11D0-8D11-00A0C91BC942}") = "UtilityLibTest", "UtilityLibTest\UtilityLibTest.vcxproj", "{11D7C82D-731D-4051-9921-8103029DA910}"
	ProjectSection(ProjectDependencies) = postProject
		{D116EDDF-8C15-4354-962B-0DA55E06A0AA} = {D116EDDF-8C15-4354-962B-0DA55E06A0AA}
	EndProjectSection
EndProject
Project("{8BC9CEB8-8B4A-11D0-8D11-00A0C91BC942}") = "CircuitSimulatorLibTest", "CircuitSimulatorLibTest\CircuitSimulatorLibTest.vcxproj", "{6A205E78-8B84-4F89-AEDD-7ABB07DA62D0}"
	ProjectSection(ProjectDependencies) = postProject
		{6E201AB4-B579-4871-BD6F-6D501F5D15EE} = {6E201AB4-B579-4871-BD6F-6D501F5D15EE}
	EndProjectSection
EndProject
Project("{8BC9CEB8-8B4A-11D0-8D11-00A0C91BC942}") = "CommandLineInterfaceLibTest", "CommandLineInterfaceLibTest\CommandLineInterfaceLibTest.vcxproj", "{DCB6D64F-045C-4500-80BD-803DBBE88F1E}"
	ProjectSection(ProjectDependencies) = postProject
		{67C67E1B-66DE-49CF-99D4-A72F688BA43E} = {67C67E1B-66DE-49CF-99D4-A72F688BA43E}
	EndProjectSection
EndProject
Project("{8BC9CEB8-8B4A-11D0-8D11-00A0C91BC942}") = "Coursework1Lib", "Coursework1Lib\Coursework1Lib.vcxproj", "{8CDF6858-E094-438D-B3AB-809FBBDEE93C}"
EndProject
Project("{8BC9CEB8-8B4A-11D0-8D11-00A0C91BC942}") = "Coursework2Lib", "Coursework2Lib\Coursework2Lib.vcxproj", "{990C8209-DCB4-4849-A610-4D9EBE07C64A}"
	ProjectSection(ProjectDependencies) = postProject
		{D116EDDF-8C15-4354-962B-0DA55E06A0AA} = {D116EDDF-8C15-4354-962B-0DA55E06A0AA}
	EndProjectSection
EndProject
Project("{8BC9CEB8-8B4A-11D0-8D11-00A0C91BC942}") = "Coursework2LibTest", "Coursework2LibTest\Coursework2LibTest.vcxproj", "{D7D0E775-12C6-46AB-8BB8-FA2299724604}"
EndProject
Project("{8BC9CEB8-8B4A-11D0-8D11-00A0C91BC942}") = "Coursework1LibTest", "Coursework1LibTest\Coursework1LibTest.vcxproj", "{8BB0C1C2-343F-4670-9972-00D257211671}"
	ProjectSection(ProjectDependencies) = postProject
		{8CDF6858-E094-438D-B3AB-809FBBDEE93C} = {8CDF6858-E094-438D-B3AB-809FBBDEE93C}
	EndProjectSection
EndProject
Global
	GlobalSection(SolutionConfigurationPlatforms) = preSolution
		Debug|x64 = Debug|x64
		Debug|x86 = Debug|x86
		Release|x64 = Release|x64
		Release|x86 = Release|x86
	EndGlobalSection
	GlobalSection(ProjectConfigurationPlatforms) = postSolution
		{48600FAC-8930-437C-8DCC-EA360CCA533F}.Debug|x64.ActiveCfg = Debug|x64
		{48600FAC-8930-437C-8DCC-EA360CCA533F}.Debug|x64.Build.0 = Debug|x64
		{48600FAC-8930-437C-8DCC-EA360CCA533F}.Debug|x86.ActiveCfg = Debug|Win32
		{48600FAC-8930-437C-8DCC-EA360CCA533F}.Debug|x86.Build.0 = Debug|Win32
		{48600FAC-8930-437C-8DCC-EA360CCA533F}.Release|x64.ActiveCfg = Release|x64
		{48600FAC-8930-437C-8DCC-EA360CCA533F}.Release|x64.Build.0 = Release|x64
		{48600FAC-8930-437C-8DCC-EA360CCA533F}.Release|x86.ActiveCfg = Release|Win32
		{48600FAC-8930-437C-8DCC-EA360CCA533F}.Release|x86.Build.0 = Release|Win32
		{FCD7915C-AD81-43CD-B7AB-57DCC4EF8EA7}.Debug|x64.ActiveCfg = Debug|x64
		{FCD7915C-AD81-43CD-B7AB-57DCC4EF8EA7}.Debug|x64.Build.0 = Debug|x64
		{FCD7915C-AD81-43CD-B7AB-57DCC4EF8EA7}.Debug|x86.ActiveCfg = Debug|Win32
		{FCD7915C-AD81-43CD-B7AB-57DCC4EF8EA7}.Debug|x86.Build.0 = Debug|Win32
		{FCD7915C-AD81-43CD-B7AB-57DCC4EF8EA7}.Release|x64.ActiveCfg = Release|x64
		{FCD7915C-AD81-43CD-B7AB-57DCC4EF8EA7}.Release|x64.Build.0 = Release|x64
		{FCD7915C-AD81-43CD-B7AB-57DCC4EF8EA7}.Release|x86.ActiveCfg = Release|Win32
		{FCD7915C-AD81-43CD-B7AB-57DCC4EF8EA7}.Release|x86.Build.0 = Release|Win32
		{6E201AB4-B579-4871-BD6F-6D501F5D15EE}.Debug|x64.ActiveCfg = Debug|x64
		{6E201AB4-B579-4871-BD6F-6D501F5D15EE}.Debug|x64.Build.0 = Debug|x64
		{6E201AB4-B579-4871-BD6F-6D501F5D15EE}.Debug|x86.ActiveCfg = Debug|Win32
		{6E201AB4-B579-4871-BD6F-6D501F5D15EE}.Debug|x86.Build.0 = Debug|Win32
		{6E201AB4-B579-4871-BD6F-6D501F5D15EE}.Release|x64.ActiveCfg = Release|x64
		{6E201AB4-B579-4871-BD6F-6D501F5D15EE}.Release|x64.Build.0 = Release|x64
		{6E201AB4-B579-4871-BD6F-6D501F5D15EE}.Release|x86.ActiveCfg = Release|Win32
		{6E201AB4-B579-4871-BD6F-6D501F5D15EE}.Release|x86.Build.0 = Release|Win32
		{D116EDDF-8C15-4354-962B-0DA55E06A0AA}.Debug|x64.ActiveCfg = Debug|x64
		{D116EDDF-8C15-4354-962B-0DA55E06A0AA}.Debug|x64.Build.0 = Debug|x64
		{D116EDDF-8C15-4354-962B-0DA55E06A0AA}.Debug|x86.ActiveCfg = Debug|Win32
		{D116EDDF-8C15-4354-962B-0DA55E06A0AA}.Debug|x86.Build.0 = Debug|Win32
		{D116EDDF-8C15-4354-962B-0DA55E06A0AA}.Release|x64.ActiveCfg = Release|x64
		{D116EDDF-8C15-4354-962B-0DA55E06A0AA}.Release|x64.Build.0 = Release|x64
		{D116EDDF-8C15-4354-962B-0DA55E06A0AA}.Release|x86.ActiveCfg = Release|Win32
		{D116EDDF-8C15-4354-962B-0DA55E06A0AA}.Release|x86.Build.0 = Release|Win32
		{67C67E1B-66DE-49CF-99D4-A72F688BA43E}.Debug|x64.ActiveCfg = Debug|x64
		{67C67E1B-66DE-49CF-99D4-A72F688BA43E}.Debug|x64.Build.0 = Debug|x64
		{67C67E1B-66DE-49CF-99D4-A72F688BA43E}.Debug|x86.ActiveCfg = Debug|Win32
		{67C67E1B-66DE-49CF-99D4-A72F688BA43E}.Debug|x86.Build.0 = Debug|Win32
		{67C67E1B-66DE-49CF-99D4-A72F688BA43E}.Release|x64.ActiveCfg = Release|x64
		{67C67E1B-66DE-49CF-99D4-A72F688BA43E}.Release|x64.Build.0 = Release|x64
		{67C67E1B-66DE-49CF-99D4-A72F688BA43E}.Release|x86.ActiveCfg = Release|Win32
		{67C67E1B-66DE-49CF-99D4-A72F688BA43E}.Release|x86.Build.0 = Release|Win32
		{11D7C82D-731D-4051-9921-8103029DA910}.Debug|x64.ActiveCfg = Debug|x64
		{11D7C82D-731D-4051-9921-8103029DA910}.Debug|x64.Build.0 = Debug|x64
		{11D7C82D-731D-4051-9921-8103029DA910}.Debug|x86.ActiveCfg = Debug|Win32
		{11D7C82D-731D-4051-9921-8103029DA910}.Debug|x86.Build.0 = Debug|Win32
		{11D7C82D-731D-4051-9921-8103029DA910}.Release|x64.ActiveCfg = Release|x64
		{11D7C82D-731D-4051-9921-8103029DA910}.Release|x64.Build.0 = Release|x64
		{11D7C82D-731D-4051-9921-8103029DA910}.Release|x86.ActiveCfg = Release|Win32
		{11D7C82D-731D-4051-9921-8103029DA910}.Release|x86.Build.0 = Release|Win32
		{6A205E78-8B84-4F89-AEDD-7ABB07DA62D0}.Debug|x64.ActiveCfg = Debug|x64
		{6A205E78-8B84-4F89-AEDD-7ABB07DA62D0}.Debug|x64.Build.0 = Debug|x64
		{6A205E78-8B84-4F89-AEDD-7ABB07DA62D0}.Debug|x86.ActiveCfg = Debug|Win32
		{6A205E78-8B84-4F89-AEDD-7ABB07DA62D0}.Debug|x86.Build.0 = Debug|Win32
		{6A205E78-8B84-4F89-AEDD-7ABB07DA62D0}.Release|x64.ActiveCfg = Release|x64
		{6A205E78-8B84-4F89-AEDD-7ABB07DA62D0}.Release|x64.Build.0 = Release|x64
		{6A205E78-8B84-4F89-AEDD-7ABB07DA62D0}.Release|x86.ActiveCfg = Release|Win32
		{6A205E78-8B84-4F89-AEDD-7ABB07DA62D0}.Release|x86.Build.0 = Release|Win32
		{DCB6D64F-045C-4500-80BD-803DBBE88F1E}.Debug|x64.ActiveCfg = Debug|x64
		{DCB6D64F-045C-4500-80BD-803DBBE88F1E}.Debug|x64.Build.0 = Debug|x64
		{DCB6D64F-045C-4500-80BD-803DBBE88F1E}.Debug|x86.ActiveCfg = Debug|Win32
		{DCB6D64F-045C-4500-80BD-803DBBE88F1E}.Debug|x86.Build.0 = Debug|Win32
		{DCB6D64F-045C-4500-80BD-803DBBE88F1E}.Release|x64.ActiveCfg = Release|x64
		{DCB6D64F-045C-4500-80BD-803DBBE88F1E}.Release|x64.Build.0 = Release|x64
		{DCB6D64F-045C-4500-80BD-803DBBE88F1E}.Release|x86.ActiveCfg = Release|Win32
		{DCB6D64F-045C-4500-80BD-803DBBE88F1E}.Release|x86.Build.0 = Release|Win32
		{8CDF6858-E094-438D-B3AB-809FBBDEE93C}.Debug|x64.ActiveCfg = Debug|x64
		{8CDF6858-E094-438D-B3AB-809FBBDEE93C}.Debug|x64.Build.0 = Debug|x64
		{8CDF6858-E094-438D-B3AB-809FBBDEE93C}.Debug|x86.ActiveCfg = Debug|Win32
		{8CDF6858-E094-438D-B3AB-809FBBDEE93C}.Debug|x86.Build.0 = Debug|Win32
		{8CDF6858-E094-438D-B3AB-809FBBDEE93C}.Release|x64.ActiveCfg = Release|x64
		{8CDF6858-E094-438D-B3AB-809FBBDEE93C}.Release|x64.Build.0 = Release|x64
		{8CDF6858-E094-438D-B3AB-809FBBDEE93C}.Release|x86.ActiveCfg = Release|Win32
		{8CDF6858-E094-438D-B3AB-809FBBDEE93C}.Release|x86.Build.0 = Release|Win32
		{990C8209-DCB4-4849-A610-4D9EBE07C64A}.Debug|x64.ActiveCfg = Debug|x64
		{990C8209-DCB4-4849-A610-4D9EBE07C64A}.Debug|x64.Build.0 = Debug|x64
		{990C8209-DCB4-4849-A610-4D9EBE07C64A}.Debug|x86.ActiveCfg = Debug|Win32
		{990C8209-DCB4-4849-A610-4D9EBE07C64A}.Debug|x86.Build.0 = Debug|Win32
		{990C8209-DCB4-4849-A610-4D9EBE07C64A}.Release|x64.ActiveCfg = Release|x64
		{990C8209-DCB4-4849-A610-4D9EBE07C64A}.Release|x64.Build.0 = Release|x64
		{990C8209-DCB4-4849-A610-4D9EBE07C64A}.Release|x86.ActiveCfg = Release|Win32
		{990C8209-DCB4-4849-A610-4D9EBE07C64A}.Release|x86.Build.0 = Release|Win32
		{D7D0E775-12C6-46AB-8BB8-FA2299724604}.Debug|x64.ActiveCfg = Debug|x64
		{D7D0E775-12C6-46AB-8BB8-FA2299724604}.Debug|x64.Build.0 = Debug|x64
		{D7D0E775-12C6-46AB-8BB8-FA2299724604}.Debug|x86.ActiveCfg = Debug|Win32
		{D7D0E775-12C6-46AB-8BB8-FA2299724604}.Debug|x86.Build.0 = Debug|Win32
		{D7D0E775-12C6-46AB-8BB8-FA2299724604}.Release|x64.ActiveCfg = Release|x64
		{D7D0E775-12C6-46AB-8BB8-FA2299724604}.Release|x64.Build.0 = Release|x64
		{D7D0E775-12C6-46AB-8BB8-FA2299724604}.Release|x86.ActiveCfg = Release|Win32
		{D7D0E775-12C6-46AB-8BB8-FA2299724604}.Release|x86.Build.0 = Release|Win32
		{8BB0C1C2-343F-4670-9972-00D257211671}.Debug|x64.ActiveCfg = Debug|x64
		{8BB0C1C2-343F-4670-9972-00D257211671}.Debug|x64.Build.0 = Debug|x64
		{8BB0C1C2-343F-4670-9972-00D257211671}.Debug|x86.ActiveCfg = Debug|Win32
		{8BB0C1C2-343F-4670-9972-00D257211671}.Debug|x86.Build.0 = Debug|Win32
		{8BB0C1C2-343F-4670-9972-00D257211671}.Release|x64.ActiveCfg = Release|x64
		{8BB0C1C2-343F-4670-9972-00D257211671}.Release|x64.Build.0 = Release|x64
		{8BB0C1C2-343F-4670-9972-00D257211671}.Release|x86.ActiveCfg = Release|Win32
		{8BB0C1C2-343F-4670-9972-00D257211671}.Release|x86.Build.0 = Release|Win32
	EndGlobalSection
	GlobalSection(SolutionProperties) = preSolution
		HideSolutionNode = FALSE
	EndGlobalSection
EndGlobal
