<?xml version="1.0" encoding="utf-8"?>
<Project ToolsVersion="4.0" xmlns="http://schemas.microsoft.com/developer/msbuild/2003">
  <ItemGroup>
    <ClInclude Include="Bus.h" />
    <ClInclude Include="Circuit.h" />
    <ClInclude Include="Component.h" />
    <ClInclude Include="Encoder.h" />
    <ClInclude Include="Pin.h" />
    <ClInclude Include="XORGate.h" />
    <ClInclude Include="RegisterArray.h" />
    <ClInclude Include="CircuitValidator.h" />
    <ClInclude Include="Circuit_fwd.h" />
    <ClInclude Include="Component_fwd.h" />
    <ClInclude Include="Pin_fwd.h" />
  </ItemGroup>
  <ItemGroup>
    <ClCompile Include="Circuit.cpp" />
    <ClCompile Include="Component.cpp" />
    <ClCompile Include="Encoder.cpp" />
    <ClCompile Include="Pin.cpp" />
    <ClCompile Include="XORGate.cpp" />
    <ClCompile Include="CircuitValidator.cpp" />
  </ItemGroup>
</Project>